// !$*UTF8*$!
{
	archiveVersion = 1;
	classes = {
	};
	objectVersion = 48;
	objects = {

/* Begin PBXBuildFile section */
		E44FA2FB1F916E8E0009BE8B /* AppDelegate.swift in Sources */ = {isa = PBXBuildFile; fileRef = E44FA2FA1F916E8E0009BE8B /* AppDelegate.swift */; };
		E44FA3001F916E8E0009BE8B /* Main.storyboard in Resources */ = {isa = PBXBuildFile; fileRef = E44FA2FE1F916E8E0009BE8B /* Main.storyboard */; };
		E44FA3021F916E8E0009BE8B /* Assets.xcassets in Resources */ = {isa = PBXBuildFile; fileRef = E44FA3011F916E8E0009BE8B /* Assets.xcassets */; };
		E44FA3051F916E8E0009BE8B /* LaunchScreen.storyboard in Resources */ = {isa = PBXBuildFile; fileRef = E44FA3031F916E8E0009BE8B /* LaunchScreen.storyboard */; };
		E476F7B91F91D6A2008D3C12 /* IndexCollectionViewController.swift in Sources */ = {isa = PBXBuildFile; fileRef = E476F7B81F91D6A2008D3C12 /* IndexCollectionViewController.swift */; };
		E476F7BB1F91D6B9008D3C12 /* PersonCollectionViewCell.swift in Sources */ = {isa = PBXBuildFile; fileRef = E476F7BA1F91D6B9008D3C12 /* PersonCollectionViewCell.swift */; };
		E476F7BD1F920487008D3C12 /* Person.swift in Sources */ = {isa = PBXBuildFile; fileRef = E476F7BC1F920487008D3C12 /* Person.swift */; };
/* End PBXBuildFile section */

/* Begin PBXFileReference section */
		E44FA2F71F916E8E0009BE8B /* NamesToFaces.app */ = {isa = PBXFileReference; explicitFileType = wrapper.application; includeInIndex = 0; path = NamesToFaces.app; sourceTree = BUILT_PRODUCTS_DIR; };
		E44FA2FA1F916E8E0009BE8B /* AppDelegate.swift */ = {isa = PBXFileReference; lastKnownFileType = sourcecode.swift; path = AppDelegate.swift; sourceTree = "<group>"; };
		E44FA2FF1F916E8E0009BE8B /* Base */ = {isa = PBXFileReference; lastKnownFileType = file.storyboard; name = Base; path = Base.lproj/Main.storyboard; sourceTree = "<group>"; };
		E44FA3011F916E8E0009BE8B /* Assets.xcassets */ = {isa = PBXFileReference; lastKnownFileType = folder.assetcatalog; path = Assets.xcassets; sourceTree = "<group>"; };
		E44FA3041F916E8E0009BE8B /* Base */ = {isa = PBXFileReference; lastKnownFileType = file.storyboard; name = Base; path = Base.lproj/LaunchScreen.storyboard; sourceTree = "<group>"; };
		E44FA3061F916E8E0009BE8B /* Info.plist */ = {isa = PBXFileReference; lastKnownFileType = text.plist.xml; path = Info.plist; sourceTree = "<group>"; };
		E476F7B81F91D6A2008D3C12 /* IndexCollectionViewController.swift */ = {isa = PBXFileReference; lastKnownFileType = sourcecode.swift; path = IndexCollectionViewController.swift; sourceTree = "<group>"; };
		E476F7BA1F91D6B9008D3C12 /* PersonCollectionViewCell.swift */ = {isa = PBXFileReference; lastKnownFileType = sourcecode.swift; path = PersonCollectionViewCell.swift; sourceTree = "<group>"; };
		E476F7BC1F920487008D3C12 /* Person.swift */ = {isa = PBXFileReference; lastKnownFileType = sourcecode.swift; path = Person.swift; sourceTree = "<group>"; };
/* End PBXFileReference section */

/* Begin PBXFrameworksBuildPhase section */
		E44FA2F41F916E8E0009BE8B /* Frameworks */ = {
			isa = PBXFrameworksBuildPhase;
			buildActionMask = 2147483647;
			files = (
			);
			runOnlyForDeploymentPostprocessing = 0;
		};
/* End PBXFrameworksBuildPhase section */

/* Begin PBXGroup section */
		E44FA2EE1F916E8E0009BE8B = {
			isa = PBXGroup;
			children = (
				E44FA2F91F916E8E0009BE8B /* NamesToFaces */,
				E44FA2F81F916E8E0009BE8B /* Products */,
			);
			sourceTree = "<group>";
		};
		E44FA2F81F916E8E0009BE8B /* Products */ = {
			isa = PBXGroup;
			children = (
				E44FA2F71F916E8E0009BE8B /* NamesToFaces.app */,
			);
			name = Products;
			sourceTree = "<group>";
		};
		E44FA2F91F916E8E0009BE8B /* NamesToFaces */ = {
			isa = PBXGroup;
			children = (
				E44FA30C1F916EBC0009BE8B /* Content */,
				E44FA2FA1F916E8E0009BE8B /* AppDelegate.swift */,
				E44FA3011F916E8E0009BE8B /* Assets.xcassets */,
				E44FA3031F916E8E0009BE8B /* LaunchScreen.storyboard */,
				E44FA3061F916E8E0009BE8B /* Info.plist */,
			);
			path = NamesToFaces;
			sourceTree = "<group>";
		};
		E44FA30C1F916EBC0009BE8B /* Content */ = {
			isa = PBXGroup;
			children = (
				E44FA2FE1F916E8E0009BE8B /* Main.storyboard */,
				E476F7B81F91D6A2008D3C12 /* IndexCollectionViewController.swift */,
				E476F7BA1F91D6B9008D3C12 /* PersonCollectionViewCell.swift */,
				E476F7BC1F920487008D3C12 /* Person.swift */,
			);
			path = Content;
			sourceTree = "<group>";
		};
/* End PBXGroup section */

/* Begin PBXNativeTarget section */
		E44FA2F61F916E8E0009BE8B /* NamesToFaces */ = {
			isa = PBXNativeTarget;
			buildConfigurationList = E44FA3091F916E8E0009BE8B /* Build configuration list for PBXNativeTarget "NamesToFaces" */;
			buildPhases = (
				E44FA2F31F916E8E0009BE8B /* Sources */,
				E44FA2F41F916E8E0009BE8B /* Frameworks */,
				E44FA2F51F916E8E0009BE8B /* Resources */,
			);
			buildRules = (
			);
			dependencies = (
			);
			name = NamesToFaces;
			productName = NamesToFaces;
			productReference = E44FA2F71F916E8E0009BE8B /* NamesToFaces.app */;
			productType = "com.apple.product-type.application";
		};
/* End PBXNativeTarget section */

/* Begin PBXProject section */
		E44FA2EF1F916E8E0009BE8B /* Project object */ = {
			isa = PBXProject;
			attributes = {
				LastSwiftUpdateCheck = 0900;
				LastUpgradeCheck = 0900;
				ORGANIZATIONNAME = hideyukiohashi;
				TargetAttributes = {
					E44FA2F61F916E8E0009BE8B = {
						CreatedOnToolsVersion = 9.0;
						ProvisioningStyle = Automatic;
					};
				};
			};
			buildConfigurationList = E44FA2F21F916E8E0009BE8B /* Build configuration list for PBXProject "NamesToFaces" */;
			compatibilityVersion = "Xcode 8.0";
			developmentRegion = en;
			hasScannedForEncodings = 0;
			knownRegions = (
				en,
				Base,
			);
			mainGroup = E44FA2EE1F916E8E0009BE8B;
			productRefGroup = E44FA2F81F916E8E0009BE8B /* Products */;
			projectDirPath = "";
			projectRoot = "";
			targets = (
				E44FA2F61F916E8E0009BE8B /* NamesToFaces */,
			);
		};
/* End PBXProject section */

/* Begin PBXResourcesBuildPhase section */
		E44FA2F51F916E8E0009BE8B /* Resources */ = {
			isa = PBXResourcesBuildPhase;
			buildActionMask = 2147483647;
			files = (
				E44FA3051F916E8E0009BE8B /* LaunchScreen.storyboard in Resources */,
				E44FA3021F916E8E0009BE8B /* Assets.xcassets in Resources */,
				E44FA3001F916E8E0009BE8B /* Main.storyboard in Resources */,
			);
			runOnlyForDeploymentPostprocessing = 0;
		};
/* End PBXResourcesBuildPhase section */

/* Begin PBXSourcesBuildPhase section */
		E44FA2F31F916E8E0009BE8B /* Sources */ = {
			isa = PBXSourcesBuildPhase;
			buildActionMask = 2147483647;
			files = (
				E44FA2FB1F916E8E0009BE8B /* AppDelegate.swift in Sources */,
				E476F7BB1F91D6B9008D3C12 /* PersonCollectionViewCell.swift in Sources */,
				E476F7BD1F920487008D3C12 /* Person.swift in Sources */,
				E476F7B91F91D6A2008D3C12 /* IndexCollectionViewController.swift in Sources */,
			);
			runOnlyForDeploymentPostprocessing = 0;
		};
/* End PBXSourcesBuildPhase section */

/* Begin PBXVariantGroup section */
		E44FA2FE1F916E8E0009BE8B /* Main.storyboard */ = {
			isa = PBXVariantGroup;
			children = (
				E44FA2FF1F916E8E0009BE8B /* Base */,
			);
			name = Main.storyboard;
			sourceTree = "<group>";
		};
		E44FA3031F916E8E0009BE8B /* LaunchScreen.storyboard */ = {
			isa = PBXVariantGroup;
			children = (
				E44FA3041F916E8E0009BE8B /* Base */,
			);
			name = LaunchScreen.storyboard;
			sourceTree = "<group>";
		};
/* End PBXVariantGroup section */

/* Begin XCBuildConfiguration section */
		E44FA3071F916E8E0009BE8B /* Debug */ = {
			isa = XCBuildConfiguration;
			buildSettings = {
				ALWAYS_SEARCH_USER_PATHS = NO;
				CLANG_ANALYZER_NONNULL = YES;
				CLANG_ANALYZER_NUMBER_OBJECT_CONVERSION = YES_AGGRESSIVE;
				CLANG_CXX_LANGUAGE_STANDARD = "gnu++14";
				CLANG_CXX_LIBRARY = "libc++";
				CLANG_ENABLE_MODULES = YES;
				CLANG_ENABLE_OBJC_ARC = YES;
				CLANG_WARN_BLOCK_CAPTURE_AUTORELEASING = YES;
				CLANG_WARN_BOOL_CONVERSION = YES;
				CLANG_WARN_COMMA = YES;
				CLANG_WARN_CONSTANT_CONVERSION = YES;
				CLANG_WARN_DIRECT_OBJC_ISA_USAGE = YES_ERROR;
				CLANG_WARN_DOCUMENTATION_COMMENTS = YES;
				CLANG_WARN_EMPTY_BODY = YES;
				CLANG_WARN_ENUM_CONVERSION = YES;
				CLANG_WARN_INFINITE_RECURSION = YES;
				CLANG_WARN_INT_CONVERSION = YES;
				CLANG_WARN_NON_LITERAL_NULL_CONVERSION = YES;
				CLANG_WARN_OBJC_LITERAL_CONVERSION = YES;
				CLANG_WARN_OBJC_ROOT_CLASS = YES_ERROR;
				CLANG_WARN_RANGE_LOOP_ANALYSIS = YES;
				CLANG_WARN_STRICT_PROTOTYPES = YES;
				CLANG_WARN_SUSPICIOUS_MOVE = YES;
				CLANG_WARN_UNGUARDED_AVAILABILITY = YES_AGGRESSIVE;
				CLANG_WARN_UNREACHABLE_CODE = YES;
				CLANG_WARN__DUPLICATE_METHOD_MATCH = YES;
				CODE_SIGN_IDENTITY = "iPhone Developer";
				COPY_PHASE_STRIP = NO;
				DEBUG_INFORMATION_FORMAT = dwarf;
				ENABLE_STRICT_OBJC_MSGSEND = YES;
				ENABLE_TESTABILITY = YES;
				GCC_C_LANGUAGE_STANDARD = gnu11;
				GCC_DYNAMIC_NO_PIC = NO;
				GCC_NO_COMMON_BLOCKS = YES;
				GCC_OPTIMIZATION_LEVEL = 0;
				GCC_PREPROCESSOR_DEFINITIONS = (
					"DEBUG=1",
					"$(inherited)",
				);
				GCC_WARN_64_TO_32_BIT_CONVERSION = YES;
				GCC_WARN_ABOUT_RETURN_TYPE = YES_ERROR;
				GCC_WARN_UNDECLARED_SELECTOR = YES;
				GCC_WARN_UNINITIALIZED_AUTOS = YES_AGGRESSIVE;
				GCC_WARN_UNUSED_FUNCTION = YES;
				GCC_WARN_UNUSED_VARIABLE = YES;
				IPHONEOS_DEPLOYMENT_TARGET = 11.0;
				MTL_ENABLE_DEBUG_INFO = YES;
				ONLY_ACTIVE_ARCH = YES;
				SDKROOT = iphoneos;
				SWIFT_ACTIVE_COMPILATION_CONDITIONS = DEBUG;
				SWIFT_OPTIMIZATION_LEVEL = "-Onone";
			};
			name = Debug;
		};
		E44FA3081F916E8E0009BE8B /* Release */ = {
			isa = XCBuildConfiguration;
			buildSettings = {
				ALWAYS_SEARCH_USER_PATHS = NO;
				CLANG_ANALYZER_NONNULL = YES;
				CLANG_ANALYZER_NUMBER_OBJECT_CONVERSION = YES_AGGRESSIVE;
				CLANG_CXX_LANGUAGE_STANDARD = "gnu++14";
				CLANG_CXX_LIBRARY = "libc++";
				CLANG_ENABLE_MODULES = YES;
				CLANG_ENABLE_OBJC_ARC = YES;
				CLANG_WARN_BLOCK_CAPTURE_AUTORELEASING = YES;
				CLANG_WARN_BOOL_CONVERSION = YES;
				CLANG_WARN_COMMA = YES;
				CLANG_WARN_CONSTANT_CONVERSION = YES;
				CLANG_WARN_DIRECT_OBJC_ISA_USAGE = YES_ERROR;
				CLANG_WARN_DOCUMENTATION_COMMENTS = YES;
				CLANG_WARN_EMPTY_BODY = YES;
				CLANG_WARN_ENUM_CONVERSION = YES;
				CLANG_WARN_INFINITE_RECURSION = YES;
				CLANG_WARN_INT_CONVERSION = YES;
				CLANG_WARN_NON_LITERAL_NULL_CONVERSION = YES;
				CLANG_WARN_OBJC_LITERAL_CONVERSION = YES;
				CLANG_WARN_OBJC_ROOT_CLASS = YES_ERROR;
				CLANG_WARN_RANGE_LOOP_ANALYSIS = YES;
				CLANG_WARN_STRICT_PROTOTYPES = YES;
				CLANG_WARN_SUSPICIOUS_MOVE = YES;
				CLANG_WARN_UNGUARDED_AVAILABILITY = YES_AGGRESSIVE;
				CLANG_WARN_UNREACHABLE_CODE = YES;
				CLANG_WARN__DUPLICATE_METHOD_MATCH = YES;
				CODE_SIGN_IDENTITY = "iPhone Developer";
				COPY_PHASE_STRIP = NO;
				DEBUG_INFORMATION_FORMAT = "dwarf-with-dsym";
				ENABLE_NS_ASSERTIONS = NO;
				ENABLE_STRICT_OBJC_MSGSEND = YES;
				GCC_C_LANGUAGE_STANDARD = gnu11;
				GCC_NO_COMMON_BLOCKS = YES;
				GCC_WARN_64_TO_32_BIT_CONVERSION = YES;
				GCC_WARN_ABOUT_RETURN_TYPE = YES_ERROR;
				GCC_WARN_UNDECLARED_SELECTOR = YES;
				GCC_WARN_UNINITIALIZED_AUTOS = YES_AGGRESSIVE;
				GCC_WARN_UNUSED_FUNCTION = YES;
				GCC_WARN_UNUSED_VARIABLE = YES;
				IPHONEOS_DEPLOYMENT_TARGET = 11.0;
				MTL_ENABLE_DEBUG_INFO = NO;
				SDKROOT = iphoneos;
				SWIFT_OPTIMIZATION_LEVEL = "-Owholemodule";
				VALIDATE_PRODUCT = YES;
			};
			name = Release;
		};
		E44FA30A1F916E8E0009BE8B /* Debug */ = {
			isa = XCBuildConfiguration;
			buildSettings = {
				ASSETCATALOG_COMPILER_APPICON_NAME = AppIcon;
				CODE_SIGN_STYLE = Automatic;
				DEVELOPMENT_TEAM = Q6M22S3Q57;
				INFOPLIST_FILE = NamesToFaces/Info.plist;
				LD_RUNPATH_SEARCH_PATHS = "$(inherited) @executable_path/Frameworks";
				PRODUCT_BUNDLE_IDENTIFIER = jp.hideyukiohashi.NamesToFaces;
				PRODUCT_NAME = "$(TARGET_NAME)";
				SWIFT_VERSION = 4.0;
				TARGETED_DEVICE_FAMILY = "1,2";
			};
			name = Debug;
		};
		E44FA30B1F916E8E0009BE8B /* Release */ = {
			isa = XCBuildConfiguration;
			buildSettings = {
				ASSETCATALOG_COMPILER_APPICON_NAME = AppIcon;
				CODE_SIGN_STYLE = Automatic;
				DEVELOPMENT_TEAM = Q6M22S3Q57;
				INFOPLIST_FILE = NamesToFaces/Info.plist;
				LD_RUNPATH_SEARCH_PATHS = "$(inherited) @executable_path/Frameworks";
				PRODUCT_BUNDLE_IDENTIFIER = jp.hideyukiohashi.NamesToFaces;
				PRODUCT_NAME = "$(TARGET_NAME)";
				SWIFT_VERSION = 4.0;
				TARGETED_DEVICE_FAMILY = "1,2";
			};
			name = Release;
		};
/* End XCBuildConfiguration section */

/* Begin XCConfigurationList section */
		E44FA2F21F916E8E0009BE8B /* Build configuration list for PBXProject "NamesToFaces" */ = {
			isa = XCConfigurationList;
			buildConfigurations = (
				E44FA3071F916E8E0009BE8B /* Debug */,
				E44FA3081F916E8E0009BE8B /* Release */,
			);
			defaultConfigurationIsVisible = 0;
			defaultConfigurationName = Release;
		};
		E44FA3091F916E8E0009BE8B /* Build configuration list for PBXNativeTarget "NamesToFaces" */ = {
			isa = XCConfigurationList;
			buildConfigurations = (
				E44FA30A1F916E8E0009BE8B /* Debug */,
				E44FA30B1F916E8E0009BE8B /* Release */,
			);
			defaultConfigurationIsVisible = 0;
			defaultConfigurationName = Release;
		};
/* End XCConfigurationList section */
	};
	rootObject = E44FA2EF1F916E8E0009BE8B /* Project object */;
}
