// !$*UTF8*$!
{
	archiveVersion = 1;
	classes = {
	};
	objectVersion = 48;
	objects = {

/* Begin PBXBuildFile section */
		E42942AE1F90995F00D374DC /* AppDelegate.swift in Sources */ = {isa = PBXBuildFile; fileRef = E42942AD1F90995F00D374DC /* AppDelegate.swift */; };
		E42942B31F90995F00D374DC /* Main.storyboard in Resources */ = {isa = PBXBuildFile; fileRef = E42942B11F90995F00D374DC /* Main.storyboard */; };
		E42942B51F90995F00D374DC /* Assets.xcassets in Resources */ = {isa = PBXBuildFile; fileRef = E42942B41F90995F00D374DC /* Assets.xcassets */; };
		E42942B81F90995F00D374DC /* LaunchScreen.storyboard in Resources */ = {isa = PBXBuildFile; fileRef = E42942B61F90995F00D374DC /* LaunchScreen.storyboard */; };
		E42942C11F909B2F00D374DC /* IndexTableViewController.swift in Sources */ = {isa = PBXBuildFile; fileRef = E42942C01F909B2F00D374DC /* IndexTableViewController.swift */; };
		E42942C51F909BF300D374DC /* DetailViewController.swift in Sources */ = {isa = PBXBuildFile; fileRef = E42942C41F909BF300D374DC /* DetailViewController.swift */; };
		E42942C61F90A2B100D374DC /* SwiftyJSON.swift in Sources */ = {isa = PBXBuildFile; fileRef = E42942C31F909B8500D374DC /* SwiftyJSON.swift */; };
/* End PBXBuildFile section */

/* Begin PBXFileReference section */
		E42942AA1F90995F00D374DC /* GrandCentralDispatch.app */ = {isa = PBXFileReference; explicitFileType = wrapper.application; includeInIndex = 0; path = GrandCentralDispatch.app; sourceTree = BUILT_PRODUCTS_DIR; };
		E42942AD1F90995F00D374DC /* AppDelegate.swift */ = {isa = PBXFileReference; lastKnownFileType = sourcecode.swift; path = AppDelegate.swift; sourceTree = "<group>"; };
		E42942B21F90995F00D374DC /* Base */ = {isa = PBXFileReference; lastKnownFileType = file.storyboard; name = Base; path = Base.lproj/Main.storyboard; sourceTree = "<group>"; };
		E42942B41F90995F00D374DC /* Assets.xcassets */ = {isa = PBXFileReference; lastKnownFileType = folder.assetcatalog; path = Assets.xcassets; sourceTree = "<group>"; };
		E42942B71F90995F00D374DC /* Base */ = {isa = PBXFileReference; lastKnownFileType = file.storyboard; name = Base; path = Base.lproj/LaunchScreen.storyboard; sourceTree = "<group>"; };
		E42942B91F90995F00D374DC /* Info.plist */ = {isa = PBXFileReference; lastKnownFileType = text.plist.xml; path = Info.plist; sourceTree = "<group>"; };
		E42942C01F909B2F00D374DC /* IndexTableViewController.swift */ = {isa = PBXFileReference; lastKnownFileType = sourcecode.swift; path = IndexTableViewController.swift; sourceTree = "<group>"; };
		E42942C31F909B8500D374DC /* SwiftyJSON.swift */ = {isa = PBXFileReference; lastKnownFileType = sourcecode.swift; path = SwiftyJSON.swift; sourceTree = "<group>"; };
		E42942C41F909BF300D374DC /* DetailViewController.swift */ = {isa = PBXFileReference; lastKnownFileType = sourcecode.swift; path = DetailViewController.swift; sourceTree = "<group>"; };
/* End PBXFileReference section */

/* Begin PBXFrameworksBuildPhase section */
		E42942A71F90995F00D374DC /* Frameworks */ = {
			isa = PBXFrameworksBuildPhase;
			buildActionMask = 2147483647;
			files = (
			);
			runOnlyForDeploymentPostprocessing = 0;
		};
/* End PBXFrameworksBuildPhase section */

/* Begin PBXGroup section */
		E42942A11F90995F00D374DC = {
			isa = PBXGroup;
			children = (
				E42942AC1F90995F00D374DC /* GrandCentralDispatch */,
				E42942AB1F90995F00D374DC /* Products */,
			);
			sourceTree = "<group>";
		};
		E42942AB1F90995F00D374DC /* Products */ = {
			isa = PBXGroup;
			children = (
				E42942AA1F90995F00D374DC /* GrandCentralDispatch.app */,
			);
			name = Products;
			sourceTree = "<group>";
		};
		E42942AC1F90995F00D374DC /* GrandCentralDispatch */ = {
			isa = PBXGroup;
			children = (
				E42942BF1F9099A100D374DC /* Content */,
				E42942C21F909B6700D374DC /* Model */,
				E42942AD1F90995F00D374DC /* AppDelegate.swift */,
				E42942B41F90995F00D374DC /* Assets.xcassets */,
				E42942B61F90995F00D374DC /* LaunchScreen.storyboard */,
				E42942B91F90995F00D374DC /* Info.plist */,
			);
			path = GrandCentralDispatch;
			sourceTree = "<group>";
		};
		E42942BF1F9099A100D374DC /* Content */ = {
			isa = PBXGroup;
			children = (
				E42942B11F90995F00D374DC /* Main.storyboard */,
				E42942C01F909B2F00D374DC /* IndexTableViewController.swift */,
				E42942C41F909BF300D374DC /* DetailViewController.swift */,
			);
			path = Content;
			sourceTree = "<group>";
		};
		E42942C21F909B6700D374DC /* Model */ = {
			isa = PBXGroup;
			children = (
				E42942C31F909B8500D374DC /* SwiftyJSON.swift */,
			);
			path = Model;
			sourceTree = "<group>";
		};
/* End PBXGroup section */

/* Begin PBXNativeTarget section */
		E42942A91F90995F00D374DC /* GrandCentralDispatch */ = {
			isa = PBXNativeTarget;
			buildConfigurationList = E42942BC1F90995F00D374DC /* Build configuration list for PBXNativeTarget "GrandCentralDispatch" */;
			buildPhases = (
				E42942A61F90995F00D374DC /* Sources */,
				E42942A71F90995F00D374DC /* Frameworks */,
				E42942A81F90995F00D374DC /* Resources */,
			);
			buildRules = (
			);
			dependencies = (
			);
			name = GrandCentralDispatch;
			productName = GrandCentralDispatch;
			productReference = E42942AA1F90995F00D374DC /* GrandCentralDispatch.app */;
			productType = "com.apple.product-type.application";
		};
/* End PBXNativeTarget section */

/* Begin PBXProject section */
		E42942A21F90995F00D374DC /* Project object */ = {
			isa = PBXProject;
			attributes = {
				LastSwiftUpdateCheck = 0900;
				LastUpgradeCheck = 0900;
				ORGANIZATIONNAME = hideyukiohashi;
				TargetAttributes = {
					E42942A91F90995F00D374DC = {
						CreatedOnToolsVersion = 9.0;
						ProvisioningStyle = Automatic;
					};
				};
			};
			buildConfigurationList = E42942A51F90995F00D374DC /* Build configuration list for PBXProject "GrandCentralDispatch" */;
			compatibilityVersion = "Xcode 8.0";
			developmentRegion = en;
			hasScannedForEncodings = 0;
			knownRegions = (
				en,
				Base,
			);
			mainGroup = E42942A11F90995F00D374DC;
			productRefGroup = E42942AB1F90995F00D374DC /* Products */;
			projectDirPath = "";
			projectRoot = "";
			targets = (
				E42942A91F90995F00D374DC /* GrandCentralDispatch */,
			);
		};
/* End PBXProject section */

/* Begin PBXResourcesBuildPhase section */
		E42942A81F90995F00D374DC /* Resources */ = {
			isa = PBXResourcesBuildPhase;
			buildActionMask = 2147483647;
			files = (
				E42942B81F90995F00D374DC /* LaunchScreen.storyboard in Resources */,
				E42942B51F90995F00D374DC /* Assets.xcassets in Resources */,
				E42942B31F90995F00D374DC /* Main.storyboard in Resources */,
			);
			runOnlyForDeploymentPostprocessing = 0;
		};
/* End PBXResourcesBuildPhase section */

/* Begin PBXSourcesBuildPhase section */
		E42942A61F90995F00D374DC /* Sources */ = {
			isa = PBXSourcesBuildPhase;
			buildActionMask = 2147483647;
			files = (
				E42942C61F90A2B100D374DC /* SwiftyJSON.swift in Sources */,
				E42942C51F909BF300D374DC /* DetailViewController.swift in Sources */,
				E42942C11F909B2F00D374DC /* IndexTableViewController.swift in Sources */,
				E42942AE1F90995F00D374DC /* AppDelegate.swift in Sources */,
			);
			runOnlyForDeploymentPostprocessing = 0;
		};
/* End PBXSourcesBuildPhase section */

/* Begin PBXVariantGroup section */
		E42942B11F90995F00D374DC /* Main.storyboard */ = {
			isa = PBXVariantGroup;
			children = (
				E42942B21F90995F00D374DC /* Base */,
			);
			name = Main.storyboard;
			sourceTree = "<group>";
		};
		E42942B61F90995F00D374DC /* LaunchScreen.storyboard */ = {
			isa = PBXVariantGroup;
			children = (
				E42942B71F90995F00D374DC /* Base */,
			);
			name = LaunchScreen.storyboard;
			sourceTree = "<group>";
		};
/* End PBXVariantGroup section */

/* Begin XCBuildConfiguration section */
		E42942BA1F90995F00D374DC /* Debug */ = {
			isa = XCBuildConfiguration;
			buildSettings = {
				ALWAYS_SEARCH_USER_PATHS = NO;
				CLANG_ANALYZER_NONNULL = YES;
				CLANG_ANALYZER_NUMBER_OBJECT_CONVERSION = YES_AGGRESSIVE;
				CLANG_CXX_LANGUAGE_STANDARD = "gnu++14";
				CLANG_CXX_LIBRARY = "libc++";
				CLANG_ENABLE_MODULES = YES;
				CLANG_ENABLE_OBJC_ARC = YES;
				CLANG_WARN_BLOCK_CAPTURE_AUTORELEASING = YES;
				CLANG_WARN_BOOL_CONVERSION = YES;
				CLANG_WARN_COMMA = YES;
				CLANG_WARN_CONSTANT_CONVERSION = YES;
				CLANG_WARN_DIRECT_OBJC_ISA_USAGE = YES_ERROR;
				CLANG_WARN_DOCUMENTATION_COMMENTS = YES;
				CLANG_WARN_EMPTY_BODY = YES;
				CLANG_WARN_ENUM_CONVERSION = YES;
				CLANG_WARN_INFINITE_RECURSION = YES;
				CLANG_WARN_INT_CONVERSION = YES;
				CLANG_WARN_NON_LITERAL_NULL_CONVERSION = YES;
				CLANG_WARN_OBJC_LITERAL_CONVERSION = YES;
				CLANG_WARN_OBJC_ROOT_CLASS = YES_ERROR;
				CLANG_WARN_RANGE_LOOP_ANALYSIS = YES;
				CLANG_WARN_STRICT_PROTOTYPES = YES;
				CLANG_WARN_SUSPICIOUS_MOVE = YES;
				CLANG_WARN_UNGUARDED_AVAILABILITY = YES_AGGRESSIVE;
				CLANG_WARN_UNREACHABLE_CODE = YES;
				CLANG_WARN__DUPLICATE_METHOD_MATCH = YES;
				CODE_SIGN_IDENTITY = "iPhone Developer";
				COPY_PHASE_STRIP = NO;
				DEBUG_INFORMATION_FORMAT = dwarf;
				ENABLE_STRICT_OBJC_MSGSEND = YES;
				ENABLE_TESTABILITY = YES;
				GCC_C_LANGUAGE_STANDARD = gnu11;
				GCC_DYNAMIC_NO_PIC = NO;
				GCC_NO_COMMON_BLOCKS = YES;
				GCC_OPTIMIZATION_LEVEL = 0;
				GCC_PREPROCESSOR_DEFINITIONS = (
					"DEBUG=1",
					"$(inherited)",
				);
				GCC_WARN_64_TO_32_BIT_CONVERSION = YES;
				GCC_WARN_ABOUT_RETURN_TYPE = YES_ERROR;
				GCC_WARN_UNDECLARED_SELECTOR = YES;
				GCC_WARN_UNINITIALIZED_AUTOS = YES_AGGRESSIVE;
				GCC_WARN_UNUSED_FUNCTION = YES;
				GCC_WARN_UNUSED_VARIABLE = YES;
				IPHONEOS_DEPLOYMENT_TARGET = 11.0;
				MTL_ENABLE_DEBUG_INFO = YES;
				ONLY_ACTIVE_ARCH = YES;
				SDKROOT = iphoneos;
				SWIFT_ACTIVE_COMPILATION_CONDITIONS = DEBUG;
				SWIFT_OPTIMIZATION_LEVEL = "-Onone";
			};
			name = Debug;
		};
		E42942BB1F90995F00D374DC /* Release */ = {
			isa = XCBuildConfiguration;
			buildSettings = {
				ALWAYS_SEARCH_USER_PATHS = NO;
				CLANG_ANALYZER_NONNULL = YES;
				CLANG_ANALYZER_NUMBER_OBJECT_CONVERSION = YES_AGGRESSIVE;
				CLANG_CXX_LANGUAGE_STANDARD = "gnu++14";
				CLANG_CXX_LIBRARY = "libc++";
				CLANG_ENABLE_MODULES = YES;
				CLANG_ENABLE_OBJC_ARC = YES;
				CLANG_WARN_BLOCK_CAPTURE_AUTORELEASING = YES;
				CLANG_WARN_BOOL_CONVERSION = YES;
				CLANG_WARN_COMMA = YES;
				CLANG_WARN_CONSTANT_CONVERSION = YES;
				CLANG_WARN_DIRECT_OBJC_ISA_USAGE = YES_ERROR;
				CLANG_WARN_DOCUMENTATION_COMMENTS = YES;
				CLANG_WARN_EMPTY_BODY = YES;
				CLANG_WARN_ENUM_CONVERSION = YES;
				CLANG_WARN_INFINITE_RECURSION = YES;
				CLANG_WARN_INT_CONVERSION = YES;
				CLANG_WARN_NON_LITERAL_NULL_CONVERSION = YES;
				CLANG_WARN_OBJC_LITERAL_CONVERSION = YES;
				CLANG_WARN_OBJC_ROOT_CLASS = YES_ERROR;
				CLANG_WARN_RANGE_LOOP_ANALYSIS = YES;
				CLANG_WARN_STRICT_PROTOTYPES = YES;
				CLANG_WARN_SUSPICIOUS_MOVE = YES;
				CLANG_WARN_UNGUARDED_AVAILABILITY = YES_AGGRESSIVE;
				CLANG_WARN_UNREACHABLE_CODE = YES;
				CLANG_WARN__DUPLICATE_METHOD_MATCH = YES;
				CODE_SIGN_IDENTITY = "iPhone Developer";
				COPY_PHASE_STRIP = NO;
				DEBUG_INFORMATION_FORMAT = "dwarf-with-dsym";
				ENABLE_NS_ASSERTIONS = NO;
				ENABLE_STRICT_OBJC_MSGSEND = YES;
				GCC_C_LANGUAGE_STANDARD = gnu11;
				GCC_NO_COMMON_BLOCKS = YES;
				GCC_WARN_64_TO_32_BIT_CONVERSION = YES;
				GCC_WARN_ABOUT_RETURN_TYPE = YES_ERROR;
				GCC_WARN_UNDECLARED_SELECTOR = YES;
				GCC_WARN_UNINITIALIZED_AUTOS = YES_AGGRESSIVE;
				GCC_WARN_UNUSED_FUNCTION = YES;
				GCC_WARN_UNUSED_VARIABLE = YES;
				IPHONEOS_DEPLOYMENT_TARGET = 11.0;
				MTL_ENABLE_DEBUG_INFO = NO;
				SDKROOT = iphoneos;
				SWIFT_OPTIMIZATION_LEVEL = "-Owholemodule";
				VALIDATE_PRODUCT = YES;
			};
			name = Release;
		};
		E42942BD1F90995F00D374DC /* Debug */ = {
			isa = XCBuildConfiguration;
			buildSettings = {
				ASSETCATALOG_COMPILER_APPICON_NAME = AppIcon;
				CODE_SIGN_STYLE = Automatic;
				DEVELOPMENT_TEAM = Q6M22S3Q57;
				INFOPLIST_FILE = GrandCentralDispatch/Info.plist;
				LD_RUNPATH_SEARCH_PATHS = "$(inherited) @executable_path/Frameworks";
				PRODUCT_BUNDLE_IDENTIFIER = jp.hideyukiohashi.GrandCentralDispatch;
				PRODUCT_NAME = "$(TARGET_NAME)";
				SWIFT_VERSION = 4.0;
				TARGETED_DEVICE_FAMILY = "1,2";
			};
			name = Debug;
		};
		E42942BE1F90995F00D374DC /* Release */ = {
			isa = XCBuildConfiguration;
			buildSettings = {
				ASSETCATALOG_COMPILER_APPICON_NAME = AppIcon;
				CODE_SIGN_STYLE = Automatic;
				DEVELOPMENT_TEAM = Q6M22S3Q57;
				INFOPLIST_FILE = GrandCentralDispatch/Info.plist;
				LD_RUNPATH_SEARCH_PATHS = "$(inherited) @executable_path/Frameworks";
				PRODUCT_BUNDLE_IDENTIFIER = jp.hideyukiohashi.GrandCentralDispatch;
				PRODUCT_NAME = "$(TARGET_NAME)";
				SWIFT_VERSION = 4.0;
				TARGETED_DEVICE_FAMILY = "1,2";
			};
			name = Release;
		};
/* End XCBuildConfiguration section */

/* Begin XCConfigurationList section */
		E42942A51F90995F00D374DC /* Build configuration list for PBXProject "GrandCentralDispatch" */ = {
			isa = XCConfigurationList;
			buildConfigurations = (
				E42942BA1F90995F00D374DC /* Debug */,
				E42942BB1F90995F00D374DC /* Release */,
			);
			defaultConfigurationIsVisible = 0;
			defaultConfigurationName = Release;
		};
		E42942BC1F90995F00D374DC /* Build configuration list for PBXNativeTarget "GrandCentralDispatch" */ = {
			isa = XCConfigurationList;
			buildConfigurations = (
				E42942BD1F90995F00D374DC /* Debug */,
				E42942BE1F90995F00D374DC /* Release */,
			);
			defaultConfigurationIsVisible = 0;
			defaultConfigurationName = Release;
		};
/* End XCConfigurationList section */
	};
	rootObject = E42942A21F90995F00D374DC /* Project object */;
}
